
Microsoft Visual Studio Solution File, Format Version 12.00
# Visual Studio Version 16
VisualStudioVersion = 16.0.30717.126
MinimumVisualStudioVersion = 10.0.40219.1
Project("{FAE04EC0-301F-11D3-BF4B-00C04F79EFBC}") = "DellTests", "DellTests\DellTests.csproj", "{DF7DBE73-B256-460C-959D-7361BA1289EE}"
EndProject
Project("{FAE04EC0-301F-11D3-BF4B-00C04F79EFBC}") = "DellPages", "DellPages\DellPages.csproj", "{5A7B39CA-F104-43BE-83EC-E413D12CDFB6}"
EndProject
Global
	GlobalSection(SolutionConfigurationPlatforms) = preSolution
		Debug|Any CPU = Debug|Any CPU
		Release|Any CPU = Release|Any CPU
	EndGlobalSection
	GlobalSection(ProjectConfigurationPlatforms) = postSolution
		{DF7DBE73-B256-460C-959D-7361BA1289EE}.Debug|Any CPU.ActiveCfg = Debug|Any CPU
		{DF7DBE73-B256-460C-959D-7361BA1289EE}.Debug|Any CPU.Build.0 = Debug|Any CPU
		{DF7DBE73-B256-460C-959D-7361BA1289EE}.Release|Any CPU.ActiveCfg = Release|Any CPU
		{DF7DBE73-B256-460C-959D-7361BA1289EE}.Release|Any CPU.Build.0 = Release|Any CPU
		{5A7B39CA-F104-43BE-83EC-E413D12CDFB6}.Debug|Any CPU.ActiveCfg = Debug|Any CPU
		{5A7B39CA-F104-43BE-83EC-E413D12CDFB6}.Debug|Any CPU.Build.0 = Debug|Any CPU
		{5A7B39CA-F104-43BE-83EC-E413D12CDFB6}.Release|Any CPU.ActiveCfg = Release|Any CPU
		{5A7B39CA-F104-43BE-83EC-E413D12CDFB6}.Release|Any CPU.Build.0 = Release|Any CPU
	EndGlobalSection
	GlobalSection(SolutionProperties) = preSolution
		HideSolutionNode = FALSE
	EndGlobalSection
	GlobalSection(ExtensibilityGlobals) = postSolution
		SolutionGuid = {4A6F8DDD-EDA7-4799-A022-1CD1247F9420}
	EndGlobalSection
EndGlobal
